
Microsoft Visual Studio Solution File, Format Version 12.00
# Visual Studio Version 17
VisualStudioVersion = 17.14.36327.8 d17.14
MinimumVisualStudioVersion = 10.0.40219.1
Project("{FAE04EC0-301F-11D3-BF4B-00C04F79EFBC}") = "Receipt Total Calculator", "Receipt Total Calculator\Receipt Total Calculator.csproj", "{4A3DE58A-A811-440C-95DF-3636E0A6D96E}"
EndProject
Global
	GlobalSection(SolutionConfigurationPlatforms) = preSolution
		Debug|Any CPU = Debug|Any CPU
		Release|Any CPU = Release|Any CPU
	EndGlobalSection
	GlobalSection(ProjectConfigurationPlatforms) = postSolution
		{4A3DE58A-A811-440C-95DF-3636E0A6D96E}.Debug|Any CPU.ActiveCfg = Debug|Any CPU
		{4A3DE58A-A811-440C-95DF-3636E0A6D96E}.Debug|Any CPU.Build.0 = Debug|Any CPU
		{4A3DE58A-A811-440C-95DF-3636E0A6D96E}.Release|Any CPU.ActiveCfg = Release|Any CPU
		{4A3DE58A-A811-440C-95DF-3636E0A6D96E}.Release|Any CPU.Build.0 = Release|Any CPU
	EndGlobalSection
	GlobalSection(SolutionProperties) = preSolution
		HideSolutionNode = FALSE
	EndGlobalSection
	GlobalSection(ExtensibilityGlobals) = postSolution
		SolutionGuid = {69A1FB27-086F-4A55-9FFD-9893F6BCA60A}
	EndGlobalSection
EndGlobal
