
Microsoft Visual Studio Solution File, Format Version 12.00
# Visual Studio Version 17
VisualStudioVersion = 17.14.36327.8 d17.14
MinimumVisualStudioVersion = 10.0.40219.1
Project("{FAE04EC0-301F-11D3-BF4B-00C04F79EFBC}") = "Interfaces vs. Abstract Classes", "Interfaces vs. Abstract Classes\Interfaces vs. Abstract Classes.csproj", "{DB8345BB-D692-4988-9D37-EBE133B02919}"
EndProject
Global
	GlobalSection(SolutionConfigurationPlatforms) = preSolution
		Debug|Any CPU = Debug|Any CPU
		Release|Any CPU = Release|Any CPU
	EndGlobalSection
	GlobalSection(ProjectConfigurationPlatforms) = postSolution
		{DB8345BB-D692-4988-9D37-EBE133B02919}.Debug|Any CPU.ActiveCfg = Debug|Any CPU
		{DB8345BB-D692-4988-9D37-EBE133B02919}.Debug|Any CPU.Build.0 = Debug|Any CPU
		{DB8345BB-D692-4988-9D37-EBE133B02919}.Release|Any CPU.ActiveCfg = Release|Any CPU
		{DB8345BB-D692-4988-9D37-EBE133B02919}.Release|Any CPU.Build.0 = Release|Any CPU
	EndGlobalSection
	GlobalSection(SolutionProperties) = preSolution
		HideSolutionNode = FALSE
	EndGlobalSection
	GlobalSection(ExtensibilityGlobals) = postSolution
		SolutionGuid = {B8E0300A-2646-474F-ADA8-0AF9205B20A3}
	EndGlobalSection
EndGlobal
