
Microsoft Visual Studio Solution File, Format Version 12.00
# Visual Studio Version 17
VisualStudioVersion = 17.14.36327.8 d17.14
MinimumVisualStudioVersion = 10.0.40219.1
Project("{FAE04EC0-301F-11D3-BF4B-00C04F79EFBC}") = "Delegate Pipeline Processor", "Delegate Pipeline Processor\Delegate Pipeline Processor.csproj", "{A7CB621B-8494-4DD2-B895-4B797052B49B}"
EndProject
Global
	GlobalSection(SolutionConfigurationPlatforms) = preSolution
		Debug|Any CPU = Debug|Any CPU
		Release|Any CPU = Release|Any CPU
	EndGlobalSection
	GlobalSection(ProjectConfigurationPlatforms) = postSolution
		{A7CB621B-8494-4DD2-B895-4B797052B49B}.Debug|Any CPU.ActiveCfg = Debug|Any CPU
		{A7CB621B-8494-4DD2-B895-4B797052B49B}.Debug|Any CPU.Build.0 = Debug|Any CPU
		{A7CB621B-8494-4DD2-B895-4B797052B49B}.Release|Any CPU.ActiveCfg = Release|Any CPU
		{A7CB621B-8494-4DD2-B895-4B797052B49B}.Release|Any CPU.Build.0 = Release|Any CPU
	EndGlobalSection
	GlobalSection(SolutionProperties) = preSolution
		HideSolutionNode = FALSE
	EndGlobalSection
	GlobalSection(ExtensibilityGlobals) = postSolution
		SolutionGuid = {1EE73DDF-7357-4FCF-AC2C-0DE80CCF2282}
	EndGlobalSection
EndGlobal
