
Microsoft Visual Studio Solution File, Format Version 12.00
# Visual Studio Version 17
VisualStudioVersion = 17.14.36327.8 d17.14
MinimumVisualStudioVersion = 10.0.40219.1
Project("{FAE04EC0-301F-11D3-BF4B-00C04F79EFBC}") = "Event-based Collection", "Event-based Collection\Event-based Collection.csproj", "{DFA3B6F2-329C-46C0-A03C-6A5E006A8FA0}"
EndProject
Global
	GlobalSection(SolutionConfigurationPlatforms) = preSolution
		Debug|Any CPU = Debug|Any CPU
		Release|Any CPU = Release|Any CPU
	EndGlobalSection
	GlobalSection(ProjectConfigurationPlatforms) = postSolution
		{DFA3B6F2-329C-46C0-A03C-6A5E006A8FA0}.Debug|Any CPU.ActiveCfg = Debug|Any CPU
		{DFA3B6F2-329C-46C0-A03C-6A5E006A8FA0}.Debug|Any CPU.Build.0 = Debug|Any CPU
		{DFA3B6F2-329C-46C0-A03C-6A5E006A8FA0}.Release|Any CPU.ActiveCfg = Release|Any CPU
		{DFA3B6F2-329C-46C0-A03C-6A5E006A8FA0}.Release|Any CPU.Build.0 = Release|Any CPU
	EndGlobalSection
	GlobalSection(SolutionProperties) = preSolution
		HideSolutionNode = FALSE
	EndGlobalSection
	GlobalSection(ExtensibilityGlobals) = postSolution
		SolutionGuid = {CE487271-E9D5-419D-AB4D-2B33F5D89897}
	EndGlobalSection
EndGlobal
