
Microsoft Visual Studio Solution File, Format Version 12.00
# Visual Studio Version 17
VisualStudioVersion = 17.14.36327.8 d17.14
MinimumVisualStudioVersion = 10.0.40219.1
Project("{FAE04EC0-301F-11D3-BF4B-00C04F79EFBC}") = "Static Members & Static Constructor", "Static Members & Static Constructor\Static Members & Static Constructor.csproj", "{4D10A66B-039F-4ABA-BD68-4E3AAC88529C}"
EndProject
Global
	GlobalSection(SolutionConfigurationPlatforms) = preSolution
		Debug|Any CPU = Debug|Any CPU
		Release|Any CPU = Release|Any CPU
	EndGlobalSection
	GlobalSection(ProjectConfigurationPlatforms) = postSolution
		{4D10A66B-039F-4ABA-BD68-4E3AAC88529C}.Debug|Any CPU.ActiveCfg = Debug|Any CPU
		{4D10A66B-039F-4ABA-BD68-4E3AAC88529C}.Debug|Any CPU.Build.0 = Debug|Any CPU
		{4D10A66B-039F-4ABA-BD68-4E3AAC88529C}.Release|Any CPU.ActiveCfg = Release|Any CPU
		{4D10A66B-039F-4ABA-BD68-4E3AAC88529C}.Release|Any CPU.Build.0 = Release|Any CPU
	EndGlobalSection
	GlobalSection(SolutionProperties) = preSolution
		HideSolutionNode = FALSE
	EndGlobalSection
	GlobalSection(ExtensibilityGlobals) = postSolution
		SolutionGuid = {12944CBF-53E8-4DDE-87A9-5D0D6AF97133}
	EndGlobalSection
EndGlobal
