
Microsoft Visual Studio Solution File, Format Version 12.00
# Visual Studio Version 17
VisualStudioVersion = 17.14.36327.8 d17.14
MinimumVisualStudioVersion = 10.0.40219.1
Project("{FAE04EC0-301F-11D3-BF4B-00C04F79EFBC}") = "Dynamic Strategy (Delegates + OOP)", "Dynamic Strategy (Delegates + OOP)\Dynamic Strategy (Delegates + OOP).csproj", "{797DCB79-5005-4D12-ACC4-BC96273BBC9B}"
EndProject
Global
	GlobalSection(SolutionConfigurationPlatforms) = preSolution
		Debug|Any CPU = Debug|Any CPU
		Release|Any CPU = Release|Any CPU
	EndGlobalSection
	GlobalSection(ProjectConfigurationPlatforms) = postSolution
		{797DCB79-5005-4D12-ACC4-BC96273BBC9B}.Debug|Any CPU.ActiveCfg = Debug|Any CPU
		{797DCB79-5005-4D12-ACC4-BC96273BBC9B}.Debug|Any CPU.Build.0 = Debug|Any CPU
		{797DCB79-5005-4D12-ACC4-BC96273BBC9B}.Release|Any CPU.ActiveCfg = Release|Any CPU
		{797DCB79-5005-4D12-ACC4-BC96273BBC9B}.Release|Any CPU.Build.0 = Release|Any CPU
	EndGlobalSection
	GlobalSection(SolutionProperties) = preSolution
		HideSolutionNode = FALSE
	EndGlobalSection
	GlobalSection(ExtensibilityGlobals) = postSolution
		SolutionGuid = {1FF3FD3C-C1D2-4742-81F1-9B7B7A28087B}
	EndGlobalSection
EndGlobal
