
Microsoft Visual Studio Solution File, Format Version 12.00
# Visual Studio Version 17
VisualStudioVersion = 17.14.36327.8 d17.14
MinimumVisualStudioVersion = 10.0.40219.1
Project("{FAE04EC0-301F-11D3-BF4B-00C04F79EFBC}") = "Validated Property Example", "Validated Property Example\Validated Property Example.csproj", "{5A1AD20C-00FD-4AE2-AFBC-281F3B48D066}"
EndProject
Global
	GlobalSection(SolutionConfigurationPlatforms) = preSolution
		Debug|Any CPU = Debug|Any CPU
		Release|Any CPU = Release|Any CPU
	EndGlobalSection
	GlobalSection(ProjectConfigurationPlatforms) = postSolution
		{5A1AD20C-00FD-4AE2-AFBC-281F3B48D066}.Debug|Any CPU.ActiveCfg = Debug|Any CPU
		{5A1AD20C-00FD-4AE2-AFBC-281F3B48D066}.Debug|Any CPU.Build.0 = Debug|Any CPU
		{5A1AD20C-00FD-4AE2-AFBC-281F3B48D066}.Release|Any CPU.ActiveCfg = Release|Any CPU
		{5A1AD20C-00FD-4AE2-AFBC-281F3B48D066}.Release|Any CPU.Build.0 = Release|Any CPU
	EndGlobalSection
	GlobalSection(SolutionProperties) = preSolution
		HideSolutionNode = FALSE
	EndGlobalSection
	GlobalSection(ExtensibilityGlobals) = postSolution
		SolutionGuid = {CC1D8A3E-3029-41DD-B203-717E71060213}
	EndGlobalSection
EndGlobal
