
Microsoft Visual Studio Solution File, Format Version 12.00
# Visual Studio Version 17
VisualStudioVersion = 17.14.36327.8 d17.14
MinimumVisualStudioVersion = 10.0.40219.1
Project("{FAE04EC0-301F-11D3-BF4B-00C04F79EFBC}") = "Overriding object Members (Equality)", "Overriding object Members (Equality)\Overriding object Members (Equality).csproj", "{C1EA9618-1C23-4693-B740-A19667D6CC9E}"
EndProject
Global
	GlobalSection(SolutionConfigurationPlatforms) = preSolution
		Debug|Any CPU = Debug|Any CPU
		Release|Any CPU = Release|Any CPU
	EndGlobalSection
	GlobalSection(ProjectConfigurationPlatforms) = postSolution
		{C1EA9618-1C23-4693-B740-A19667D6CC9E}.Debug|Any CPU.ActiveCfg = Debug|Any CPU
		{C1EA9618-1C23-4693-B740-A19667D6CC9E}.Debug|Any CPU.Build.0 = Debug|Any CPU
		{C1EA9618-1C23-4693-B740-A19667D6CC9E}.Release|Any CPU.ActiveCfg = Release|Any CPU
		{C1EA9618-1C23-4693-B740-A19667D6CC9E}.Release|Any CPU.Build.0 = Release|Any CPU
	EndGlobalSection
	GlobalSection(SolutionProperties) = preSolution
		HideSolutionNode = FALSE
	EndGlobalSection
	GlobalSection(ExtensibilityGlobals) = postSolution
		SolutionGuid = {43355E71-E631-466F-9316-56A8BE46FC4B}
	EndGlobalSection
EndGlobal
