
Microsoft Visual Studio Solution File, Format Version 12.00
# Visual Studio Version 17
VisualStudioVersion = 17.14.36327.8 d17.14
MinimumVisualStudioVersion = 10.0.40219.1
Project("{FAE04EC0-301F-11D3-BF4B-00C04F79EFBC}") = "Library System", "Library System\Library System.csproj", "{CAD9A4A2-5909-4D6B-A537-75D51FF1DC5F}"
EndProject
Global
	GlobalSection(SolutionConfigurationPlatforms) = preSolution
		Debug|Any CPU = Debug|Any CPU
		Release|Any CPU = Release|Any CPU
	EndGlobalSection
	GlobalSection(ProjectConfigurationPlatforms) = postSolution
		{CAD9A4A2-5909-4D6B-A537-75D51FF1DC5F}.Debug|Any CPU.ActiveCfg = Debug|Any CPU
		{CAD9A4A2-5909-4D6B-A537-75D51FF1DC5F}.Debug|Any CPU.Build.0 = Debug|Any CPU
		{CAD9A4A2-5909-4D6B-A537-75D51FF1DC5F}.Release|Any CPU.ActiveCfg = Release|Any CPU
		{CAD9A4A2-5909-4D6B-A537-75D51FF1DC5F}.Release|Any CPU.Build.0 = Release|Any CPU
	EndGlobalSection
	GlobalSection(SolutionProperties) = preSolution
		HideSolutionNode = FALSE
	EndGlobalSection
	GlobalSection(ExtensibilityGlobals) = postSolution
		SolutionGuid = {D20BCDA1-1BCD-433C-9CF4-6D5308392EFC}
	EndGlobalSection
EndGlobal
